
Microsoft Visual Studio Solution File, Format Version 12.00
# Visual Studio Version 17
VisualStudioVersion = 17.8.34525.116
MinimumVisualStudioVersion = 10.0.40219.1
Project("{FAE04EC0-301F-11D3-BF4B-00C04F79EFBC}") = "Sorting", "Sorting.csproj", "{B3483DC2-AD09-4800-962C-C29D5E69C36C}"
EndProject
Global
	GlobalSection(SolutionConfigurationPlatforms) = preSolution
		Debug|Any CPU = Debug|Any CPU
		Release|Any CPU = Release|Any CPU
	EndGlobalSection
	GlobalSection(ProjectConfigurationPlatforms) = postSolution
		{B3483DC2-AD09-4800-962C-C29D5E69C36C}.Debug|Any CPU.ActiveCfg = Debug|Any CPU
		{B3483DC2-AD09-4800-962C-C29D5E69C36C}.Debug|Any CPU.Build.0 = Debug|Any CPU
		{B3483DC2-AD09-4800-962C-C29D5E69C36C}.Release|Any CPU.ActiveCfg = Release|Any CPU
		{B3483DC2-AD09-4800-962C-C29D5E69C36C}.Release|Any CPU.Build.0 = Release|Any CPU
	EndGlobalSection
	GlobalSection(SolutionProperties) = preSolution
		HideSolutionNode = FALSE
	EndGlobalSection
	GlobalSection(ExtensibilityGlobals) = postSolution
		SolutionGuid = {691ACD69-B9D1-4F44-8F1C-3E6E48F89A08}
	EndGlobalSection
EndGlobal
